<?xml version="1.0" encoding="utf-8"?>
<Project ToolsVersion="4.0" xmlns="http://schemas.microsoft.com/developer/msbuild/2003">
  <ItemGroup>
    <Filter Include="Source Files">
      <UniqueIdentifier>{4FC737F1-C7A5-4376-A066-2A32D752A2FF}</UniqueIdentifier>
      <Extensions>cpp;c;cc;cxx;c++;cppm;ixx;def;odl;idl;hpj;bat;asm;asmx</Extensions>
    </Filter>
    <Filter Include="Source Files\Main">
      <UniqueIdentifier>{ee27e120-22ad-4bc5-9ceb-7b63cc3575e9}</UniqueIdentifier>
    </Filter>
    <Filter Include="Source Files\Classes">
      <UniqueIdentifier>{625c38a0-b15a-44ca-9b4f-a935d93644c1}</UniqueIdentifier>
    </Filter>
    <Filter Include="Source Files\AFX">
      <UniqueIdentifier>{45962540-492b-49f9-be6a-332ee4507805}</UniqueIdentifier>
    </Filter>
  </ItemGroup>
  <ItemGroup>
    <ClCompile Include="main.cpp">
      <Filter>Source Files\Main</Filter>
    </ClCompile>
    <ClCompile Include="tree view.cpp">
      <Filter>Source Files\Classes</Filter>
    </ClCompile>
    <ClCompile Include="stdafx.cpp">
      <Filter>Source Files\AFX</Filter>
    </ClCompile>
  </ItemGroup>
  <ItemGroup>
    <ClInclude Include="tree view.h">
      <Filter>Source Files\Classes</Filter>
    </ClInclude>
    <ClInclude Include="stdafx.h">
      <Filter>Source Files\AFX</Filter>
    </ClInclude>
  </ItemGroup>
</Project>